
Microsoft Visual Studio Solution File, Format Version 12.00
# Visual Studio Version 16
VisualStudioVersion = 25.0.1704.0
MinimumVisualStudioVersion = 10.0.40219.1
Project("{FAE04EC0-301F-11D3-BF4B-00C04F79EFBC}") = "MapConsoleApp", "MapConsoleApp\MapConsoleApp.csproj", "{DED451B3-38D1-468B-92D6-92E68F164030}"
EndProject
Global
	GlobalSection(SolutionConfigurationPlatforms) = preSolution
		Debug|Any CPU = Debug|Any CPU
		Release|Any CPU = Release|Any CPU
	EndGlobalSection
	GlobalSection(ProjectConfigurationPlatforms) = postSolution
		{DED451B3-38D1-468B-92D6-92E68F164030}.Debug|Any CPU.ActiveCfg = Debug|Any CPU
		{DED451B3-38D1-468B-92D6-92E68F164030}.Debug|Any CPU.Build.0 = Debug|Any CPU
		{DED451B3-38D1-468B-92D6-92E68F164030}.Release|Any CPU.ActiveCfg = Release|Any CPU
		{DED451B3-38D1-468B-92D6-92E68F164030}.Release|Any CPU.Build.0 = Release|Any CPU
	EndGlobalSection
	GlobalSection(SolutionProperties) = preSolution
		HideSolutionNode = FALSE
	EndGlobalSection
	GlobalSection(ExtensibilityGlobals) = postSolution
		SolutionGuid = {8E810EE8-073F-40D2-B8E0-EAF40B2B5558}
	EndGlobalSection
EndGlobal
